
Microsoft Visual Studio Solution File, Format Version 12.00
# Visual Studio Version 17
VisualStudioVersion = 17.6.33815.320
MinimumVisualStudioVersion = 10.0.40219.1
Project("{9A19103F-16F7-4668-BE54-9A1E7A4F7556}") = "DesafioPorter", "DesafioPorter.csproj", "{89F1FAA3-DA54-4D6B-B77E-1EC664FBAE5F}"
EndProject
Project("{FAE04EC0-301F-11D3-BF4B-00C04F79EFBC}") = "DesafioPorterTests", "..\DesafioPorterTests\DesafioPorterTests.csproj", "{4A9F4A67-E38C-4A1F-A61D-EE89F060A18E}"
EndProject
Global
	GlobalSection(SolutionConfigurationPlatforms) = preSolution
		Debug|Any CPU = Debug|Any CPU
		Release|Any CPU = Release|Any CPU
	EndGlobalSection
	GlobalSection(ProjectConfigurationPlatforms) = postSolution
		{89F1FAA3-DA54-4D6B-B77E-1EC664FBAE5F}.Debug|Any CPU.ActiveCfg = Debug|Any CPU
		{89F1FAA3-DA54-4D6B-B77E-1EC664FBAE5F}.Debug|Any CPU.Build.0 = Debug|Any CPU
		{89F1FAA3-DA54-4D6B-B77E-1EC664FBAE5F}.Release|Any CPU.ActiveCfg = Release|Any CPU
		{89F1FAA3-DA54-4D6B-B77E-1EC664FBAE5F}.Release|Any CPU.Build.0 = Release|Any CPU
		{4A9F4A67-E38C-4A1F-A61D-EE89F060A18E}.Debug|Any CPU.ActiveCfg = Debug|Any CPU
		{4A9F4A67-E38C-4A1F-A61D-EE89F060A18E}.Debug|Any CPU.Build.0 = Debug|Any CPU
		{4A9F4A67-E38C-4A1F-A61D-EE89F060A18E}.Release|Any CPU.ActiveCfg = Release|Any CPU
		{4A9F4A67-E38C-4A1F-A61D-EE89F060A18E}.Release|Any CPU.Build.0 = Release|Any CPU
	EndGlobalSection
	GlobalSection(SolutionProperties) = preSolution
		HideSolutionNode = FALSE
	EndGlobalSection
	GlobalSection(ExtensibilityGlobals) = postSolution
		SolutionGuid = {CA276A96-B3DD-4522-8656-F5A60E9C6C40}
	EndGlobalSection
EndGlobal
